// !$*UTF8*$!
{
	archiveVersion = 1;
	classes = {
	};
	objectVersion = 56;
	objects = {

/* Begin PBXBuildFile section */
		7A152D07296DC84C00EF049D /* SafariViewController.swift in Sources */ = {isa = PBXBuildFile; fileRef = 7A152D06296DC84C00EF049D /* SafariViewController.swift */; };
		7A3553E129F348C100B9879E /* AltIcon.png in Resources */ = {isa = PBXBuildFile; fileRef = 7A3553E029F348C100B9879E /* AltIcon.png */; };
		7A417C66296B14C6002E8B4D /* SwipeMenu.swift in Sources */ = {isa = PBXBuildFile; fileRef = 7A417C65296B14C6002E8B4D /* SwipeMenu.swift */; };
		7A417C68296B1CC4002E8B4D /* SignInView.swift in Sources */ = {isa = PBXBuildFile; fileRef = 7A417C67296B1CC4002E8B4D /* SignInView.swift */; };
		7A536FE5299D1266002A8E85 /* SignUpSheet.swift in Sources */ = {isa = PBXBuildFile; fileRef = 7A536FE4299D1266002A8E85 /* SignUpSheet.swift */; };
		7AD1E1A929EF2FC7003262F3 /* ShareViewController.swift in Sources */ = {isa = PBXBuildFile; fileRef = 7AD1E1A829EF2FC7003262F3 /* ShareViewController.swift */; };
		7AD1E1B029EF2FC7003262F3 /* PCShareExt.appex in Embed Foundation Extensions */ = {isa = PBXBuildFile; fileRef = 7AD1E1A629EF2FC6003262F3 /* PCShareExt.appex */; settings = {ATTRIBUTES = (RemoveHeadersOnCopy, ); }; };
		7AD1E1BC29EF3EFD003262F3 /* SwiftUIView.swift in Sources */ = {isa = PBXBuildFile; fileRef = 7AD1E1BB29EF3EFD003262F3 /* SwiftUIView.swift */; };
		7ADD85842999451F00A7292C /* Pastecard.swift in Sources */ = {isa = PBXBuildFile; fileRef = 7ADD85832999451F00A7292C /* Pastecard.swift */; };
		7AEC326529E9F136000B30EA /* WidgetKit.framework in Frameworks */ = {isa = PBXBuildFile; fileRef = 7AEC326429E9F136000B30EA /* WidgetKit.framework */; };
		7AEC326729E9F136000B30EA /* SwiftUI.framework in Frameworks */ = {isa = PBXBuildFile; fileRef = 7AEC326629E9F136000B30EA /* SwiftUI.framework */; };
		7AEC326A29E9F136000B30EA /* PCWidgetBundle.swift in Sources */ = {isa = PBXBuildFile; fileRef = 7AEC326929E9F136000B30EA /* PCWidgetBundle.swift */; };
		7AEC326C29E9F136000B30EA /* PCWidget.swift in Sources */ = {isa = PBXBuildFile; fileRef = 7AEC326B29E9F136000B30EA /* PCWidget.swift */; };
		7AEC326E29E9F137000B30EA /* Assets.xcassets in Resources */ = {isa = PBXBuildFile; fileRef = 7AEC326D29E9F137000B30EA /* Assets.xcassets */; };
		7AEC327229E9F137000B30EA /* PCWidget.appex in Embed Foundation Extensions */ = {isa = PBXBuildFile; fileRef = 7AEC326229E9F136000B30EA /* PCWidget.appex */; settings = {ATTRIBUTES = (RemoveHeadersOnCopy, ); }; };
		7AFC09C0290AC47C009CAC71 /* PastecardApp.swift in Sources */ = {isa = PBXBuildFile; fileRef = 7AFC09BF290AC47C009CAC71 /* PastecardApp.swift */; };
		7AFC09C2290AC47C009CAC71 /* CardView.swift in Sources */ = {isa = PBXBuildFile; fileRef = 7AFC09C1290AC47C009CAC71 /* CardView.swift */; };
		7AFC09C4290AC47D009CAC71 /* Assets.xcassets in Resources */ = {isa = PBXBuildFile; fileRef = 7AFC09C3290AC47D009CAC71 /* Assets.xcassets */; };
		7AFC09C7290AC47D009CAC71 /* Preview Assets.xcassets in Resources */ = {isa = PBXBuildFile; fileRef = 7AFC09C6290AC47D009CAC71 /* Preview Assets.xcassets */; };
/* End PBXBuildFile section */

/* Begin PBXContainerItemProxy section */
		7AD1E1AE29EF2FC7003262F3 /* PBXContainerItemProxy */ = {
			isa = PBXContainerItemProxy;
			containerPortal = 7AFC09B4290AC47C009CAC71 /* Project object */;
			proxyType = 1;
			remoteGlobalIDString = 7AD1E1A529EF2FC6003262F3;
			remoteInfo = PCShareExt;
		};
		7AEC327029E9F137000B30EA /* PBXContainerItemProxy */ = {
			isa = PBXContainerItemProxy;
			containerPortal = 7AFC09B4290AC47C009CAC71 /* Project object */;
			proxyType = 1;
			remoteGlobalIDString = 7AEC326129E9F136000B30EA;
			remoteInfo = PCWidgetExtension;
		};
/* End PBXContainerItemProxy section */

/* Begin PBXCopyFilesBuildPhase section */
		7AEC327629E9F137000B30EA /* Embed Foundation Extensions */ = {
			isa = PBXCopyFilesBuildPhase;
			buildActionMask = 2147483647;
			dstPath = "";
			dstSubfolderSpec = 13;
			files = (
				7AEC327229E9F137000B30EA /* PCWidget.appex in Embed Foundation Extensions */,
				7AD1E1B029EF2FC7003262F3 /* PCShareExt.appex in Embed Foundation Extensions */,
			);
			name = "Embed Foundation Extensions";
			runOnlyForDeploymentPostprocessing = 0;
		};
/* End PBXCopyFilesBuildPhase section */

/* Begin PBXFileReference section */
		7A152D06296DC84C00EF049D /* SafariViewController.swift */ = {isa = PBXFileReference; lastKnownFileType = sourcecode.swift; path = SafariViewController.swift; sourceTree = "<group>"; };
		7A3553E029F348C100B9879E /* AltIcon.png */ = {isa = PBXFileReference; lastKnownFileType = image.png; path = AltIcon.png; sourceTree = "<group>"; };
		7A417C65296B14C6002E8B4D /* SwipeMenu.swift */ = {isa = PBXFileReference; lastKnownFileType = sourcecode.swift; path = SwipeMenu.swift; sourceTree = "<group>"; };
		7A417C67296B1CC4002E8B4D /* SignInView.swift */ = {isa = PBXFileReference; lastKnownFileType = sourcecode.swift; path = SignInView.swift; sourceTree = "<group>"; };
		7A536FE4299D1266002A8E85 /* SignUpSheet.swift */ = {isa = PBXFileReference; lastKnownFileType = sourcecode.swift; path = SignUpSheet.swift; sourceTree = "<group>"; };
		7AD1E1A629EF2FC6003262F3 /* PCShareExt.appex */ = {isa = PBXFileReference; explicitFileType = "wrapper.app-extension"; includeInIndex = 0; path = PCShareExt.appex; sourceTree = BUILT_PRODUCTS_DIR; };
		7AD1E1A829EF2FC7003262F3 /* ShareViewController.swift */ = {isa = PBXFileReference; lastKnownFileType = sourcecode.swift; path = ShareViewController.swift; sourceTree = "<group>"; };
		7AD1E1AD29EF2FC7003262F3 /* Info.plist */ = {isa = PBXFileReference; lastKnownFileType = text.plist.xml; path = Info.plist; sourceTree = "<group>"; };
		7AD1E1B429EF349C003262F3 /* PCShareExt.entitlements */ = {isa = PBXFileReference; lastKnownFileType = text.plist.entitlements; path = PCShareExt.entitlements; sourceTree = "<group>"; };
		7AD1E1BB29EF3EFD003262F3 /* SwiftUIView.swift */ = {isa = PBXFileReference; lastKnownFileType = sourcecode.swift; path = SwiftUIView.swift; sourceTree = "<group>"; };
		7ADD85832999451F00A7292C /* Pastecard.swift */ = {isa = PBXFileReference; lastKnownFileType = sourcecode.swift; path = Pastecard.swift; sourceTree = "<group>"; };
		7AEC325D29E9ED08000B30EA /* Pastecard.entitlements */ = {isa = PBXFileReference; lastKnownFileType = text.plist.entitlements; path = Pastecard.entitlements; sourceTree = "<group>"; };
		7AEC326229E9F136000B30EA /* PCWidget.appex */ = {isa = PBXFileReference; explicitFileType = "wrapper.app-extension"; includeInIndex = 0; path = PCWidget.appex; sourceTree = BUILT_PRODUCTS_DIR; };
		7AEC326429E9F136000B30EA /* WidgetKit.framework */ = {isa = PBXFileReference; lastKnownFileType = wrapper.framework; name = WidgetKit.framework; path = System/Library/Frameworks/WidgetKit.framework; sourceTree = SDKROOT; };
		7AEC326629E9F136000B30EA /* SwiftUI.framework */ = {isa = PBXFileReference; lastKnownFileType = wrapper.framework; name = SwiftUI.framework; path = System/Library/Frameworks/SwiftUI.framework; sourceTree = SDKROOT; };
		7AEC326929E9F136000B30EA /* PCWidgetBundle.swift */ = {isa = PBXFileReference; lastKnownFileType = sourcecode.swift; path = PCWidgetBundle.swift; sourceTree = "<group>"; };
		7AEC326B29E9F136000B30EA /* PCWidget.swift */ = {isa = PBXFileReference; lastKnownFileType = sourcecode.swift; path = PCWidget.swift; sourceTree = "<group>"; };
		7AEC326D29E9F137000B30EA /* Assets.xcassets */ = {isa = PBXFileReference; lastKnownFileType = folder.assetcatalog; path = Assets.xcassets; sourceTree = "<group>"; };
		7AEC326F29E9F137000B30EA /* Info.plist */ = {isa = PBXFileReference; lastKnownFileType = text.plist.xml; path = Info.plist; sourceTree = "<group>"; };
		7AEC327729E9F161000B30EA /* PCWidgetExtension.entitlements */ = {isa = PBXFileReference; lastKnownFileType = text.plist.entitlements; path = PCWidgetExtension.entitlements; sourceTree = "<group>"; };
		7AFC09BC290AC47C009CAC71 /* Pastecard.app */ = {isa = PBXFileReference; explicitFileType = wrapper.application; includeInIndex = 0; path = Pastecard.app; sourceTree = BUILT_PRODUCTS_DIR; };
		7AFC09BF290AC47C009CAC71 /* PastecardApp.swift */ = {isa = PBXFileReference; lastKnownFileType = sourcecode.swift; path = PastecardApp.swift; sourceTree = "<group>"; };
		7AFC09C1290AC47C009CAC71 /* CardView.swift */ = {isa = PBXFileReference; lastKnownFileType = sourcecode.swift; path = CardView.swift; sourceTree = "<group>"; };
		7AFC09C3290AC47D009CAC71 /* Assets.xcassets */ = {isa = PBXFileReference; lastKnownFileType = folder.assetcatalog; path = Assets.xcassets; sourceTree = "<group>"; };
		7AFC09C6290AC47D009CAC71 /* Preview Assets.xcassets */ = {isa = PBXFileReference; lastKnownFileType = folder.assetcatalog; path = "Preview Assets.xcassets"; sourceTree = "<group>"; };
		7AFC09CD290ADFBB009CAC71 /* Info.plist */ = {isa = PBXFileReference; lastKnownFileType = text.plist; path = Info.plist; sourceTree = "<group>"; };
/* End PBXFileReference section */

/* Begin PBXFrameworksBuildPhase section */
		7AD1E1A329EF2FC6003262F3 /* Frameworks */ = {
			isa = PBXFrameworksBuildPhase;
			buildActionMask = 2147483647;
			files = (
			);
			runOnlyForDeploymentPostprocessing = 0;
		};
		7AEC325F29E9F136000B30EA /* Frameworks */ = {
			isa = PBXFrameworksBuildPhase;
			buildActionMask = 2147483647;
			files = (
				7AEC326729E9F136000B30EA /* SwiftUI.framework in Frameworks */,
				7AEC326529E9F136000B30EA /* WidgetKit.framework in Frameworks */,
			);
			runOnlyForDeploymentPostprocessing = 0;
		};
		7AFC09B9290AC47C009CAC71 /* Frameworks */ = {
			isa = PBXFrameworksBuildPhase;
			buildActionMask = 2147483647;
			files = (
			);
			runOnlyForDeploymentPostprocessing = 0;
		};
/* End PBXFrameworksBuildPhase section */

/* Begin PBXGroup section */
		7AD1E1A729EF2FC7003262F3 /* PCShareExt */ = {
			isa = PBXGroup;
			children = (
				7AD1E1B429EF349C003262F3 /* PCShareExt.entitlements */,
				7AD1E1AD29EF2FC7003262F3 /* Info.plist */,
				7AD1E1A829EF2FC7003262F3 /* ShareViewController.swift */,
				7AD1E1BB29EF3EFD003262F3 /* SwiftUIView.swift */,
			);
			path = PCShareExt;
			sourceTree = "<group>";
		};
		7AEC326329E9F136000B30EA /* Frameworks */ = {
			isa = PBXGroup;
			children = (
				7AEC326429E9F136000B30EA /* WidgetKit.framework */,
				7AEC326629E9F136000B30EA /* SwiftUI.framework */,
			);
			name = Frameworks;
			sourceTree = "<group>";
		};
		7AEC326829E9F136000B30EA /* PCWidget */ = {
			isa = PBXGroup;
			children = (
				7AEC327729E9F161000B30EA /* PCWidgetExtension.entitlements */,
				7AEC326F29E9F137000B30EA /* Info.plist */,
				7AEC326929E9F136000B30EA /* PCWidgetBundle.swift */,
				7AEC326B29E9F136000B30EA /* PCWidget.swift */,
				7AEC326D29E9F137000B30EA /* Assets.xcassets */,
			);
			path = PCWidget;
			sourceTree = "<group>";
		};
		7AFC09B3290AC47C009CAC71 = {
			isa = PBXGroup;
			children = (
				7AFC09BE290AC47C009CAC71 /* Pastecard */,
				7AEC326829E9F136000B30EA /* PCWidget */,
				7AD1E1A729EF2FC7003262F3 /* PCShareExt */,
				7AEC326329E9F136000B30EA /* Frameworks */,
				7AFC09BD290AC47C009CAC71 /* Products */,
			);
			sourceTree = "<group>";
		};
		7AFC09BD290AC47C009CAC71 /* Products */ = {
			isa = PBXGroup;
			children = (
				7AFC09BC290AC47C009CAC71 /* Pastecard.app */,
				7AEC326229E9F136000B30EA /* PCWidget.appex */,
				7AD1E1A629EF2FC6003262F3 /* PCShareExt.appex */,
			);
			name = Products;
			sourceTree = "<group>";
		};
		7AFC09BE290AC47C009CAC71 /* Pastecard */ = {
			isa = PBXGroup;
			children = (
				7AEC325D29E9ED08000B30EA /* Pastecard.entitlements */,
				7AFC09CD290ADFBB009CAC71 /* Info.plist */,
				7AFC09BF290AC47C009CAC71 /* PastecardApp.swift */,
				7ADD85832999451F00A7292C /* Pastecard.swift */,
				7AFC09C1290AC47C009CAC71 /* CardView.swift */,
				7A417C65296B14C6002E8B4D /* SwipeMenu.swift */,
				7A417C67296B1CC4002E8B4D /* SignInView.swift */,
				7A536FE4299D1266002A8E85 /* SignUpSheet.swift */,
				7A152D06296DC84C00EF049D /* SafariViewController.swift */,
				7AFC09C3290AC47D009CAC71 /* Assets.xcassets */,
				7A3553E029F348C100B9879E /* AltIcon.png */,
				7AFC09C5290AC47D009CAC71 /* Preview Content */,
			);
			path = Pastecard;
			sourceTree = "<group>";
		};
		7AFC09C5290AC47D009CAC71 /* Preview Content */ = {
			isa = PBXGroup;
			children = (
				7AFC09C6290AC47D009CAC71 /* Preview Assets.xcassets */,
			);
			path = "Preview Content";
			sourceTree = "<group>";
		};
/* End PBXGroup section */

/* Begin PBXNativeTarget section */
		7AD1E1A529EF2FC6003262F3 /* PCShareExt */ = {
			isa = PBXNativeTarget;
			buildConfigurationList = 7AD1E1B129EF2FC7003262F3 /* Build configuration list for PBXNativeTarget "PCShareExt" */;
			buildPhases = (
				7AD1E1A229EF2FC6003262F3 /* Sources */,
				7AD1E1A329EF2FC6003262F3 /* Frameworks */,
				7AD1E1A429EF2FC6003262F3 /* Resources */,
			);
			buildRules = (
			);
			dependencies = (
			);
			name = PCShareExt;
			productName = PCShareExt;
			productReference = 7AD1E1A629EF2FC6003262F3 /* PCShareExt.appex */;
			productType = "com.apple.product-type.app-extension";
		};
		7AEC326129E9F136000B30EA /* PCWidget */ = {
			isa = PBXNativeTarget;
			buildConfigurationList = 7AEC327329E9F137000B30EA /* Build configuration list for PBXNativeTarget "PCWidget" */;
			buildPhases = (
				7AEC325E29E9F136000B30EA /* Sources */,
				7AEC325F29E9F136000B30EA /* Frameworks */,
				7AEC326029E9F136000B30EA /* Resources */,
			);
			buildRules = (
			);
			dependencies = (
			);
			name = PCWidget;
			productName = PCWidgetExtension;
			productReference = 7AEC326229E9F136000B30EA /* PCWidget.appex */;
			productType = "com.apple.product-type.app-extension";
		};
		7AFC09BB290AC47C009CAC71 /* Pastecard */ = {
			isa = PBXNativeTarget;
			buildConfigurationList = 7AFC09CA290AC47D009CAC71 /* Build configuration list for PBXNativeTarget "Pastecard" */;
			buildPhases = (
				7AFC09B8290AC47C009CAC71 /* Sources */,
				7AFC09B9290AC47C009CAC71 /* Frameworks */,
				7AFC09BA290AC47C009CAC71 /* Resources */,
				7AEC327629E9F137000B30EA /* Embed Foundation Extensions */,
			);
			buildRules = (
			);
			dependencies = (
				7AEC327129E9F137000B30EA /* PBXTargetDependency */,
				7AD1E1AF29EF2FC7003262F3 /* PBXTargetDependency */,
			);
			name = Pastecard;
			productName = Pastecard;
			productReference = 7AFC09BC290AC47C009CAC71 /* Pastecard.app */;
			productType = "com.apple.product-type.application";
		};
/* End PBXNativeTarget section */

/* Begin PBXProject section */
		7AFC09B4290AC47C009CAC71 /* Project object */ = {
			isa = PBXProject;
			attributes = {
				BuildIndependentTargetsInParallel = 1;
				LastSwiftUpdateCheck = 1430;
				LastUpgradeCheck = 1400;
				TargetAttributes = {
					7AD1E1A529EF2FC6003262F3 = {
						CreatedOnToolsVersion = 14.3;
					};
					7AEC326129E9F136000B30EA = {
						CreatedOnToolsVersion = 14.3;
					};
					7AFC09BB290AC47C009CAC71 = {
						CreatedOnToolsVersion = 14.0.1;
					};
				};
			};
			buildConfigurationList = 7AFC09B7290AC47C009CAC71 /* Build configuration list for PBXProject "Pastecard" */;
			compatibilityVersion = "Xcode 14.0";
			developmentRegion = en;
			hasScannedForEncodings = 0;
			knownRegions = (
				en,
				Base,
			);
			mainGroup = 7AFC09B3290AC47C009CAC71;
			productRefGroup = 7AFC09BD290AC47C009CAC71 /* Products */;
			projectDirPath = "";
			projectRoot = "";
			targets = (
				7AFC09BB290AC47C009CAC71 /* Pastecard */,
				7AEC326129E9F136000B30EA /* PCWidget */,
				7AD1E1A529EF2FC6003262F3 /* PCShareExt */,
			);
		};
/* End PBXProject section */

/* Begin PBXResourcesBuildPhase section */
		7AD1E1A429EF2FC6003262F3 /* Resources */ = {
			isa = PBXResourcesBuildPhase;
			buildActionMask = 2147483647;
			files = (
			);
			runOnlyForDeploymentPostprocessing = 0;
		};
		7AEC326029E9F136000B30EA /* Resources */ = {
			isa = PBXResourcesBuildPhase;
			buildActionMask = 2147483647;
			files = (
				7AEC326E29E9F137000B30EA /* Assets.xcassets in Resources */,
			);
			runOnlyForDeploymentPostprocessing = 0;
		};
		7AFC09BA290AC47C009CAC71 /* Resources */ = {
			isa = PBXResourcesBuildPhase;
			buildActionMask = 2147483647;
			files = (
				7AFC09C7290AC47D009CAC71 /* Preview Assets.xcassets in Resources */,
				7AFC09C4290AC47D009CAC71 /* Assets.xcassets in Resources */,
				7A3553E129F348C100B9879E /* AltIcon.png in Resources */,
			);
			runOnlyForDeploymentPostprocessing = 0;
		};
/* End PBXResourcesBuildPhase section */

/* Begin PBXSourcesBuildPhase section */
		7AD1E1A229EF2FC6003262F3 /* Sources */ = {
			isa = PBXSourcesBuildPhase;
			buildActionMask = 2147483647;
			files = (
				7AD1E1BC29EF3EFD003262F3 /* SwiftUIView.swift in Sources */,
				7AD1E1A929EF2FC7003262F3 /* ShareViewController.swift in Sources */,
			);
			runOnlyForDeploymentPostprocessing = 0;
		};
		7AEC325E29E9F136000B30EA /* Sources */ = {
			isa = PBXSourcesBuildPhase;
			buildActionMask = 2147483647;
			files = (
				7AEC326C29E9F136000B30EA /* PCWidget.swift in Sources */,
				7AEC326A29E9F136000B30EA /* PCWidgetBundle.swift in Sources */,
			);
			runOnlyForDeploymentPostprocessing = 0;
		};
		7AFC09B8290AC47C009CAC71 /* Sources */ = {
			isa = PBXSourcesBuildPhase;
			buildActionMask = 2147483647;
			files = (
				7AFC09C2290AC47C009CAC71 /* CardView.swift in Sources */,
				7AFC09C0290AC47C009CAC71 /* PastecardApp.swift in Sources */,
				7A536FE5299D1266002A8E85 /* SignUpSheet.swift in Sources */,
				7ADD85842999451F00A7292C /* Pastecard.swift in Sources */,
				7A152D07296DC84C00EF049D /* SafariViewController.swift in Sources */,
				7A417C68296B1CC4002E8B4D /* SignInView.swift in Sources */,
				7A417C66296B14C6002E8B4D /* SwipeMenu.swift in Sources */,
			);
			runOnlyForDeploymentPostprocessing = 0;
		};
/* End PBXSourcesBuildPhase section */

/* Begin PBXTargetDependency section */
		7AD1E1AF29EF2FC7003262F3 /* PBXTargetDependency */ = {
			isa = PBXTargetDependency;
			target = 7AD1E1A529EF2FC6003262F3 /* PCShareExt */;
			targetProxy = 7AD1E1AE29EF2FC7003262F3 /* PBXContainerItemProxy */;
		};
		7AEC327129E9F137000B30EA /* PBXTargetDependency */ = {
			isa = PBXTargetDependency;
			target = 7AEC326129E9F136000B30EA /* PCWidget */;
			targetProxy = 7AEC327029E9F137000B30EA /* PBXContainerItemProxy */;
		};
/* End PBXTargetDependency section */

/* Begin XCBuildConfiguration section */
		7AD1E1B229EF2FC7003262F3 /* Debug */ = {
			isa = XCBuildConfiguration;
			buildSettings = {
				CODE_SIGN_ENTITLEMENTS = PCShareExt/PCShareExt.entitlements;
				CODE_SIGN_STYLE = Automatic;
				CURRENT_PROJECT_VERSION = 1;
				DEVELOPMENT_TEAM = 4JC57Z4N28;
				GENERATE_INFOPLIST_FILE = YES;
				INFOPLIST_FILE = PCShareExt/Info.plist;
				INFOPLIST_KEY_CFBundleDisplayName = PCShareExt;
				INFOPLIST_KEY_NSHumanReadableCopyright = "";
				IPHONEOS_DEPLOYMENT_TARGET = 16.4;
				LD_RUNPATH_SEARCH_PATHS = (
					"$(inherited)",
					"@executable_path/Frameworks",
					"@executable_path/../../Frameworks",
				);
				MARKETING_VERSION = 1.0;
				PRODUCT_BUNDLE_IDENTIFIER = net.pastecard.Pastecard.PCShareExt;
				PRODUCT_NAME = "$(TARGET_NAME)";
				SKIP_INSTALL = YES;
				SWIFT_EMIT_LOC_STRINGS = YES;
				SWIFT_VERSION = 5.0;
				TARGETED_DEVICE_FAMILY = "1,2";
			};
			name = Debug;
		};
		7AD1E1B329EF2FC7003262F3 /* Release */ = {
			isa = XCBuildConfiguration;
			buildSettings = {
				CODE_SIGN_ENTITLEMENTS = PCShareExt/PCShareExt.entitlements;
				CODE_SIGN_STYLE = Automatic;
				CURRENT_PROJECT_VERSION = 1;
				DEVELOPMENT_TEAM = 4JC57Z4N28;
				GENERATE_INFOPLIST_FILE = YES;
				INFOPLIST_FILE = PCShareExt/Info.plist;
				INFOPLIST_KEY_CFBundleDisplayName = PCShareExt;
				INFOPLIST_KEY_NSHumanReadableCopyright = "";
				IPHONEOS_DEPLOYMENT_TARGET = 16.4;
				LD_RUNPATH_SEARCH_PATHS = (
					"$(inherited)",
					"@executable_path/Frameworks",
					"@executable_path/../../Frameworks",
				);
				MARKETING_VERSION = 1.0;
				PRODUCT_BUNDLE_IDENTIFIER = net.pastecard.Pastecard.PCShareExt;
				PRODUCT_NAME = "$(TARGET_NAME)";
				SKIP_INSTALL = YES;
				SWIFT_EMIT_LOC_STRINGS = YES;
				SWIFT_VERSION = 5.0;
				TARGETED_DEVICE_FAMILY = "1,2";
			};
			name = Release;
		};
		7AEC327429E9F137000B30EA /* Debug */ = {
			isa = XCBuildConfiguration;
			buildSettings = {
				ASSETCATALOG_COMPILER_GLOBAL_ACCENT_COLOR_NAME = AccentColor;
				ASSETCATALOG_COMPILER_WIDGET_BACKGROUND_COLOR_NAME = WidgetBackground;
				CODE_SIGN_ENTITLEMENTS = PCWidget/PCWidgetExtension.entitlements;
				CODE_SIGN_IDENTITY = "Apple Development";
				CODE_SIGN_STYLE = Automatic;
				CURRENT_PROJECT_VERSION = 1;
				DEVELOPMENT_TEAM = 4JC57Z4N28;
				GENERATE_INFOPLIST_FILE = YES;
				INFOPLIST_FILE = PCWidget/Info.plist;
				INFOPLIST_KEY_CFBundleDisplayName = PCWidget;
				INFOPLIST_KEY_NSHumanReadableCopyright = "";
				IPHONEOS_DEPLOYMENT_TARGET = 16.4;
				LD_RUNPATH_SEARCH_PATHS = (
					"$(inherited)",
					"@executable_path/Frameworks",
					"@executable_path/../../Frameworks",
				);
				MARKETING_VERSION = 1.0;
				PRODUCT_BUNDLE_IDENTIFIER = net.pastecard.Pastecard.PCWidget;
				PRODUCT_NAME = "$(TARGET_NAME)";
				PROVISIONING_PROFILE_SPECIFIER = "";
				SKIP_INSTALL = YES;
				SWIFT_EMIT_LOC_STRINGS = YES;
				SWIFT_VERSION = 5.0;
				TARGETED_DEVICE_FAMILY = "1,2";
			};
			name = Debug;
		};
		7AEC327529E9F137000B30EA /* Release */ = {
			isa = XCBuildConfiguration;
			buildSettings = {
				ASSETCATALOG_COMPILER_GLOBAL_ACCENT_COLOR_NAME = AccentColor;
				ASSETCATALOG_COMPILER_WIDGET_BACKGROUND_COLOR_NAME = WidgetBackground;
				CODE_SIGN_ENTITLEMENTS = PCWidget/PCWidgetExtension.entitlements;
				CODE_SIGN_IDENTITY = "Apple Development";
				CODE_SIGN_STYLE = Automatic;
				CURRENT_PROJECT_VERSION = 1;
				DEVELOPMENT_TEAM = 4JC57Z4N28;
				GENERATE_INFOPLIST_FILE = YES;
				INFOPLIST_FILE = PCWidget/Info.plist;
				INFOPLIST_KEY_CFBundleDisplayName = PCWidget;
				INFOPLIST_KEY_NSHumanReadableCopyright = "";
				IPHONEOS_DEPLOYMENT_TARGET = 16.4;
				LD_RUNPATH_SEARCH_PATHS = (
					"$(inherited)",
					"@executable_path/Frameworks",
					"@executable_path/../../Frameworks",
				);
				MARKETING_VERSION = 1.0;
				PRODUCT_BUNDLE_IDENTIFIER = net.pastecard.Pastecard.PCWidget;
				PRODUCT_NAME = "$(TARGET_NAME)";
				PROVISIONING_PROFILE_SPECIFIER = "";
				SKIP_INSTALL = YES;
				SWIFT_EMIT_LOC_STRINGS = YES;
				SWIFT_VERSION = 5.0;
				TARGETED_DEVICE_FAMILY = "1,2";
			};
			name = Release;
		};
		7AFC09C8290AC47D009CAC71 /* Debug */ = {
			isa = XCBuildConfiguration;
			buildSettings = {
				ALWAYS_SEARCH_USER_PATHS = NO;
				CLANG_ANALYZER_NONNULL = YES;
				CLANG_ANALYZER_NUMBER_OBJECT_CONVERSION = YES_AGGRESSIVE;
				CLANG_CXX_LANGUAGE_STANDARD = "gnu++20";
				CLANG_ENABLE_MODULES = YES;
				CLANG_ENABLE_OBJC_ARC = YES;
				CLANG_ENABLE_OBJC_WEAK = YES;
				CLANG_WARN_BLOCK_CAPTURE_AUTORELEASING = YES;
				CLANG_WARN_BOOL_CONVERSION = YES;
				CLANG_WARN_COMMA = YES;
				CLANG_WARN_CONSTANT_CONVERSION = YES;
				CLANG_WARN_DEPRECATED_OBJC_IMPLEMENTATIONS = YES;
				CLANG_WARN_DIRECT_OBJC_ISA_USAGE = YES_ERROR;
				CLANG_WARN_DOCUMENTATION_COMMENTS = YES;
				CLANG_WARN_EMPTY_BODY = YES;
				CLANG_WARN_ENUM_CONVERSION = YES;
				CLANG_WARN_INFINITE_RECURSION = YES;
				CLANG_WARN_INT_CONVERSION = YES;
				CLANG_WARN_NON_LITERAL_NULL_CONVERSION = YES;
				CLANG_WARN_OBJC_IMPLICIT_RETAIN_SELF = YES;
				CLANG_WARN_OBJC_LITERAL_CONVERSION = YES;
				CLANG_WARN_OBJC_ROOT_CLASS = YES_ERROR;
				CLANG_WARN_QUOTED_INCLUDE_IN_FRAMEWORK_HEADER = YES;
				CLANG_WARN_RANGE_LOOP_ANALYSIS = YES;
				CLANG_WARN_STRICT_PROTOTYPES = YES;
				CLANG_WARN_SUSPICIOUS_MOVE = YES;
				CLANG_WARN_UNGUARDED_AVAILABILITY = YES_AGGRESSIVE;
				CLANG_WARN_UNREACHABLE_CODE = YES;
				CLANG_WARN__DUPLICATE_METHOD_MATCH = YES;
				COPY_PHASE_STRIP = NO;
				DEBUG_INFORMATION_FORMAT = dwarf;
				ENABLE_STRICT_OBJC_MSGSEND = YES;
				ENABLE_TESTABILITY = YES;
				GCC_C_LANGUAGE_STANDARD = gnu11;
				GCC_DYNAMIC_NO_PIC = NO;
				GCC_NO_COMMON_BLOCKS = YES;
				GCC_OPTIMIZATION_LEVEL = 0;
				GCC_PREPROCESSOR_DEFINITIONS = (
					"DEBUG=1",
					"$(inherited)",
				);
				GCC_WARN_64_TO_32_BIT_CONVERSION = YES;
				GCC_WARN_ABOUT_RETURN_TYPE = YES_ERROR;
				GCC_WARN_UNDECLARED_SELECTOR = YES;
				GCC_WARN_UNINITIALIZED_AUTOS = YES_AGGRESSIVE;
				GCC_WARN_UNUSED_FUNCTION = YES;
				GCC_WARN_UNUSED_VARIABLE = YES;
				IPHONEOS_DEPLOYMENT_TARGET = 16.0;
				MTL_ENABLE_DEBUG_INFO = INCLUDE_SOURCE;
				MTL_FAST_MATH = YES;
				ONLY_ACTIVE_ARCH = YES;
				SDKROOT = iphoneos;
				SWIFT_ACTIVE_COMPILATION_CONDITIONS = DEBUG;
				SWIFT_OPTIMIZATION_LEVEL = "-Onone";
			};
			name = Debug;
		};
		7AFC09C9290AC47D009CAC71 /* Release */ = {
			isa = XCBuildConfiguration;
			buildSettings = {
				ALWAYS_SEARCH_USER_PATHS = NO;
				CLANG_ANALYZER_NONNULL = YES;
				CLANG_ANALYZER_NUMBER_OBJECT_CONVERSION = YES_AGGRESSIVE;
				CLANG_CXX_LANGUAGE_STANDARD = "gnu++20";
				CLANG_ENABLE_MODULES = YES;
				CLANG_ENABLE_OBJC_ARC = YES;
				CLANG_ENABLE_OBJC_WEAK = YES;
				CLANG_WARN_BLOCK_CAPTURE_AUTORELEASING = YES;
				CLANG_WARN_BOOL_CONVERSION = YES;
				CLANG_WARN_COMMA = YES;
				CLANG_WARN_CONSTANT_CONVERSION = YES;
				CLANG_WARN_DEPRECATED_OBJC_IMPLEMENTATIONS = YES;
				CLANG_WARN_DIRECT_OBJC_ISA_USAGE = YES_ERROR;
				CLANG_WARN_DOCUMENTATION_COMMENTS = YES;
				CLANG_WARN_EMPTY_BODY = YES;
				CLANG_WARN_ENUM_CONVERSION = YES;
				CLANG_WARN_INFINITE_RECURSION = YES;
				CLANG_WARN_INT_CONVERSION = YES;
				CLANG_WARN_NON_LITERAL_NULL_CONVERSION = YES;
				CLANG_WARN_OBJC_IMPLICIT_RETAIN_SELF = YES;
				CLANG_WARN_OBJC_LITERAL_CONVERSION = YES;
				CLANG_WARN_OBJC_ROOT_CLASS = YES_ERROR;
				CLANG_WARN_QUOTED_INCLUDE_IN_FRAMEWORK_HEADER = YES;
				CLANG_WARN_RANGE_LOOP_ANALYSIS = YES;
				CLANG_WARN_STRICT_PROTOTYPES = YES;
				CLANG_WARN_SUSPICIOUS_MOVE = YES;
				CLANG_WARN_UNGUARDED_AVAILABILITY = YES_AGGRESSIVE;
				CLANG_WARN_UNREACHABLE_CODE = YES;
				CLANG_WARN__DUPLICATE_METHOD_MATCH = YES;
				COPY_PHASE_STRIP = NO;
				DEBUG_INFORMATION_FORMAT = "dwarf-with-dsym";
				ENABLE_NS_ASSERTIONS = NO;
				ENABLE_STRICT_OBJC_MSGSEND = YES;
				GCC_C_LANGUAGE_STANDARD = gnu11;
				GCC_NO_COMMON_BLOCKS = YES;
				GCC_WARN_64_TO_32_BIT_CONVERSION = YES;
				GCC_WARN_ABOUT_RETURN_TYPE = YES_ERROR;
				GCC_WARN_UNDECLARED_SELECTOR = YES;
				GCC_WARN_UNINITIALIZED_AUTOS = YES_AGGRESSIVE;
				GCC_WARN_UNUSED_FUNCTION = YES;
				GCC_WARN_UNUSED_VARIABLE = YES;
				IPHONEOS_DEPLOYMENT_TARGET = 16.0;
				MTL_ENABLE_DEBUG_INFO = NO;
				MTL_FAST_MATH = YES;
				SDKROOT = iphoneos;
				SWIFT_COMPILATION_MODE = wholemodule;
				SWIFT_OPTIMIZATION_LEVEL = "-O";
				VALIDATE_PRODUCT = YES;
			};
			name = Release;
		};
		7AFC09CB290AC47D009CAC71 /* Debug */ = {
			isa = XCBuildConfiguration;
			buildSettings = {
				ALWAYS_EMBED_SWIFT_STANDARD_LIBRARIES = NO;
				ASSETCATALOG_COMPILER_ALTERNATE_APPICON_NAMES = "AppIcon-Alt";
				ASSETCATALOG_COMPILER_APPICON_NAME = AppIcon;
				ASSETCATALOG_COMPILER_GLOBAL_ACCENT_COLOR_NAME = AccentColor;
				ASSETCATALOG_COMPILER_INCLUDE_ALL_APPICON_ASSETS = NO;
				CODE_SIGN_ENTITLEMENTS = Pastecard/Pastecard.entitlements;
				CODE_SIGN_STYLE = Automatic;
				CURRENT_PROJECT_VERSION = 1;
				DEVELOPMENT_ASSET_PATHS = "\"Pastecard/Preview Content\"";
				DEVELOPMENT_TEAM = 4JC57Z4N28;
				ENABLE_PREVIEWS = YES;
				GENERATE_INFOPLIST_FILE = YES;
				INFOPLIST_FILE = Pastecard/Info.plist;
				INFOPLIST_KEY_CFBundleDisplayName = Pastecard;
				INFOPLIST_KEY_LSApplicationCategoryType = "public.app-category.productivity";
				INFOPLIST_KEY_UIApplicationSceneManifest_Generation = YES;
				INFOPLIST_KEY_UIApplicationSupportsIndirectInputEvents = YES;
				INFOPLIST_KEY_UIStatusBarStyle = UIStatusBarStyleLightContent;
				INFOPLIST_KEY_UISupportedInterfaceOrientations = UIInterfaceOrientationPortrait;
				INFOPLIST_KEY_UISupportedInterfaceOrientations_iPad = "UIInterfaceOrientationLandscapeLeft UIInterfaceOrientationLandscapeRight UIInterfaceOrientationPortrait UIInterfaceOrientationPortraitUpsideDown";
				INFOPLIST_KEY_UISupportedInterfaceOrientations_iPhone = UIInterfaceOrientationPortrait;
				LD_RUNPATH_SEARCH_PATHS = (
					"$(inherited)",
					"@executable_path/Frameworks",
				);
				MARKETING_VERSION = 1.0;
				PRODUCT_BUNDLE_IDENTIFIER = net.pastecard.Pastecard;
				PRODUCT_NAME = "$(TARGET_NAME)";
				SUPPORTED_PLATFORMS = "iphoneos iphonesimulator";
				SUPPORTS_MACCATALYST = NO;
				SUPPORTS_MAC_DESIGNED_FOR_IPHONE_IPAD = NO;
				SWIFT_EMIT_LOC_STRINGS = YES;
				SWIFT_VERSION = 5.0;
				TARGETED_DEVICE_FAMILY = 1;
			};
			name = Debug;
		};
		7AFC09CC290AC47D009CAC71 /* Release */ = {
			isa = XCBuildConfiguration;
			buildSettings = {
				ALWAYS_EMBED_SWIFT_STANDARD_LIBRARIES = NO;
				ASSETCATALOG_COMPILER_ALTERNATE_APPICON_NAMES = "AppIcon-Alt";
				ASSETCATALOG_COMPILER_APPICON_NAME = AppIcon;
				ASSETCATALOG_COMPILER_GLOBAL_ACCENT_COLOR_NAME = AccentColor;
				ASSETCATALOG_COMPILER_INCLUDE_ALL_APPICON_ASSETS = NO;
				CODE_SIGN_ENTITLEMENTS = Pastecard/Pastecard.entitlements;
				CODE_SIGN_STYLE = Automatic;
				CURRENT_PROJECT_VERSION = 1;
				DEVELOPMENT_ASSET_PATHS = "\"Pastecard/Preview Content\"";
				DEVELOPMENT_TEAM = 4JC57Z4N28;
				ENABLE_PREVIEWS = YES;
				GENERATE_INFOPLIST_FILE = YES;
				INFOPLIST_FILE = Pastecard/Info.plist;
				INFOPLIST_KEY_CFBundleDisplayName = Pastecard;
				INFOPLIST_KEY_LSApplicationCategoryType = "public.app-category.productivity";
				INFOPLIST_KEY_UIApplicationSceneManifest_Generation = YES;
				INFOPLIST_KEY_UIApplicationSupportsIndirectInputEvents = YES;
				INFOPLIST_KEY_UIStatusBarStyle = UIStatusBarStyleLightContent;
				INFOPLIST_KEY_UISupportedInterfaceOrientations = UIInterfaceOrientationPortrait;
				INFOPLIST_KEY_UISupportedInterfaceOrientations_iPad = "UIInterfaceOrientationLandscapeLeft UIInterfaceOrientationLandscapeRight UIInterfaceOrientationPortrait UIInterfaceOrientationPortraitUpsideDown";
				INFOPLIST_KEY_UISupportedInterfaceOrientations_iPhone = UIInterfaceOrientationPortrait;
				LD_RUNPATH_SEARCH_PATHS = (
					"$(inherited)",
					"@executable_path/Frameworks",
				);
				MARKETING_VERSION = 1.0;
				PRODUCT_BUNDLE_IDENTIFIER = net.pastecard.Pastecard;
				PRODUCT_NAME = "$(TARGET_NAME)";
				SUPPORTED_PLATFORMS = "iphoneos iphonesimulator";
				SUPPORTS_MACCATALYST = NO;
				SUPPORTS_MAC_DESIGNED_FOR_IPHONE_IPAD = NO;
				SWIFT_EMIT_LOC_STRINGS = YES;
				SWIFT_VERSION = 5.0;
				TARGETED_DEVICE_FAMILY = 1;
			};
			name = Release;
		};
/* End XCBuildConfiguration section */

/* Begin XCConfigurationList section */
		7AD1E1B129EF2FC7003262F3 /* Build configuration list for PBXNativeTarget "PCShareExt" */ = {
			isa = XCConfigurationList;
			buildConfigurations = (
				7AD1E1B229EF2FC7003262F3 /* Debug */,
				7AD1E1B329EF2FC7003262F3 /* Release */,
			);
			defaultConfigurationIsVisible = 0;
			defaultConfigurationName = Release;
		};
		7AEC327329E9F137000B30EA /* Build configuration list for PBXNativeTarget "PCWidget" */ = {
			isa = XCConfigurationList;
			buildConfigurations = (
				7AEC327429E9F137000B30EA /* Debug */,
				7AEC327529E9F137000B30EA /* Release */,
			);
			defaultConfigurationIsVisible = 0;
			defaultConfigurationName = Release;
		};
		7AFC09B7290AC47C009CAC71 /* Build configuration list for PBXProject "Pastecard" */ = {
			isa = XCConfigurationList;
			buildConfigurations = (
				7AFC09C8290AC47D009CAC71 /* Debug */,
				7AFC09C9290AC47D009CAC71 /* Release */,
			);
			defaultConfigurationIsVisible = 0;
			defaultConfigurationName = Release;
		};
		7AFC09CA290AC47D009CAC71 /* Build configuration list for PBXNativeTarget "Pastecard" */ = {
			isa = XCConfigurationList;
			buildConfigurations = (
				7AFC09CB290AC47D009CAC71 /* Debug */,
				7AFC09CC290AC47D009CAC71 /* Release */,
			);
			defaultConfigurationIsVisible = 0;
			defaultConfigurationName = Release;
		};
/* End XCConfigurationList section */
	};
	rootObject = 7AFC09B4290AC47C009CAC71 /* Project object */;
}
