// !$*UTF8*$!
{
	archiveVersion = 1;
	classes = {
	};
	objectVersion = 48;
	objects = {

/* Begin PBXBuildFile section */
		7A5B55C72365D8280006340B /* Assets.xcassets in Resources */ = {isa = PBXBuildFile; fileRef = 7AF2042F1FE1ECC90086A9F2 /* Assets.xcassets */; };
		7A5B55C82365D8280006340B /* Assets.xcassets in Resources */ = {isa = PBXBuildFile; fileRef = 7AF2042F1FE1ECC90086A9F2 /* Assets.xcassets */; };
		7A6D7C3421FB3CE40001A0A9 /* ShareViewController.swift in Sources */ = {isa = PBXBuildFile; fileRef = 7A6D7C3321FB3CE40001A0A9 /* ShareViewController.swift */; };
		7A6D7C3721FB3CE40001A0A9 /* MainInterface.storyboard in Resources */ = {isa = PBXBuildFile; fileRef = 7A6D7C3521FB3CE40001A0A9 /* MainInterface.storyboard */; };
		7A6D7C3B21FB3CE40001A0A9 /* Add URL to Pastecard.appex in Embed App Extensions */ = {isa = PBXBuildFile; fileRef = 7A6D7C3121FB3CE40001A0A9 /* Add URL to Pastecard.appex */; settings = {ATTRIBUTES = (RemoveHeadersOnCopy, ); }; };
		7A7BC642235915D100205DDA /* ShareViewController.swift in Sources */ = {isa = PBXBuildFile; fileRef = 7A7BC641235915D100205DDA /* ShareViewController.swift */; };
		7A7BC649235915D100205DDA /* TextExtension.appex in Embed App Extensions */ = {isa = PBXBuildFile; fileRef = 7A7BC63F235915D100205DDA /* TextExtension.appex */; settings = {ATTRIBUTES = (RemoveHeadersOnCopy, ); }; };
		7A9B515623591BA800589FBD /* MainInterface.storyboard in Resources */ = {isa = PBXBuildFile; fileRef = 7A7BC64D235915E000205DDA /* MainInterface.storyboard */; };
		7AB395F11FE4258900079651 /* SignInController.swift in Sources */ = {isa = PBXBuildFile; fileRef = 7AB395F01FE4258900079651 /* SignInController.swift */; };
		7ACE65C225A52D6200E13E50 /* WidgetKit.framework in Frameworks */ = {isa = PBXBuildFile; fileRef = 7ACE656F25A51EF800E13E50 /* WidgetKit.framework */; };
		7ACE65C325A52D6200E13E50 /* SwiftUI.framework in Frameworks */ = {isa = PBXBuildFile; fileRef = 7ACE657125A51EF800E13E50 /* SwiftUI.framework */; };
		7ACE65C625A52D6200E13E50 /* CardWidget.swift in Sources */ = {isa = PBXBuildFile; fileRef = 7ACE65C525A52D6200E13E50 /* CardWidget.swift */; };
		7ACE65C825A52D6700E13E50 /* Assets.xcassets in Resources */ = {isa = PBXBuildFile; fileRef = 7ACE65C725A52D6700E13E50 /* Assets.xcassets */; };
		7ACE65CC25A52D6700E13E50 /* CardWidgetExtension.appex in Embed App Extensions */ = {isa = PBXBuildFile; fileRef = 7ACE65C125A52D6200E13E50 /* CardWidgetExtension.appex */; settings = {ATTRIBUTES = (RemoveHeadersOnCopy, ); }; };
		7AF204291FE1ECC90086A9F2 /* AppDelegate.swift in Sources */ = {isa = PBXBuildFile; fileRef = 7AF204281FE1ECC90086A9F2 /* AppDelegate.swift */; };
		7AF2042B1FE1ECC90086A9F2 /* ViewController.swift in Sources */ = {isa = PBXBuildFile; fileRef = 7AF2042A1FE1ECC90086A9F2 /* ViewController.swift */; };
		7AF2042E1FE1ECC90086A9F2 /* Main.storyboard in Resources */ = {isa = PBXBuildFile; fileRef = 7AF2042C1FE1ECC90086A9F2 /* Main.storyboard */; };
		7AF204301FE1ECC90086A9F2 /* Assets.xcassets in Resources */ = {isa = PBXBuildFile; fileRef = 7AF2042F1FE1ECC90086A9F2 /* Assets.xcassets */; };
		7AF204331FE1ECC90086A9F2 /* LaunchScreen.storyboard in Resources */ = {isa = PBXBuildFile; fileRef = 7AF204311FE1ECC90086A9F2 /* LaunchScreen.storyboard */; };
/* End PBXBuildFile section */

/* Begin PBXContainerItemProxy section */
		7A6D7C3921FB3CE40001A0A9 /* PBXContainerItemProxy */ = {
			isa = PBXContainerItemProxy;
			containerPortal = 7AF2041D1FE1ECC90086A9F2 /* Project object */;
			proxyType = 1;
			remoteGlobalIDString = 7A6D7C3021FB3CE40001A0A9;
			remoteInfo = ShareExtension;
		};
		7A7BC647235915D100205DDA /* PBXContainerItemProxy */ = {
			isa = PBXContainerItemProxy;
			containerPortal = 7AF2041D1FE1ECC90086A9F2 /* Project object */;
			proxyType = 1;
			remoteGlobalIDString = 7A7BC63E235915D100205DDA;
			remoteInfo = TextExtension;
		};
		7ACE65CA25A52D6700E13E50 /* PBXContainerItemProxy */ = {
			isa = PBXContainerItemProxy;
			containerPortal = 7AF2041D1FE1ECC90086A9F2 /* Project object */;
			proxyType = 1;
			remoteGlobalIDString = 7ACE65C025A52D6200E13E50;
			remoteInfo = CardWidgetExtension;
		};
/* End PBXContainerItemProxy section */

/* Begin PBXCopyFilesBuildPhase section */
		7A0596F92024C3CE001125ED /* Embed Watch Content */ = {
			isa = PBXCopyFilesBuildPhase;
			buildActionMask = 2147483647;
			dstPath = "$(CONTENTS_FOLDER_PATH)/Watch";
			dstSubfolderSpec = 16;
			files = (
			);
			name = "Embed Watch Content";
			runOnlyForDeploymentPostprocessing = 0;
		};
		7A6D7C3F21FB3CE40001A0A9 /* Embed App Extensions */ = {
			isa = PBXCopyFilesBuildPhase;
			buildActionMask = 2147483647;
			dstPath = "";
			dstSubfolderSpec = 13;
			files = (
				7A6D7C3B21FB3CE40001A0A9 /* Add URL to Pastecard.appex in Embed App Extensions */,
				7ACE65CC25A52D6700E13E50 /* CardWidgetExtension.appex in Embed App Extensions */,
				7A7BC649235915D100205DDA /* TextExtension.appex in Embed App Extensions */,
			);
			name = "Embed App Extensions";
			runOnlyForDeploymentPostprocessing = 0;
		};
/* End PBXCopyFilesBuildPhase section */

/* Begin PBXFileReference section */
		7A6D7C3121FB3CE40001A0A9 /* Add URL to Pastecard.appex */ = {isa = PBXFileReference; explicitFileType = "wrapper.app-extension"; includeInIndex = 0; path = "Add URL to Pastecard.appex"; sourceTree = BUILT_PRODUCTS_DIR; };
		7A6D7C3321FB3CE40001A0A9 /* ShareViewController.swift */ = {isa = PBXFileReference; lastKnownFileType = sourcecode.swift; path = ShareViewController.swift; sourceTree = "<group>"; };
		7A6D7C3621FB3CE40001A0A9 /* Base */ = {isa = PBXFileReference; lastKnownFileType = file.storyboard; name = Base; path = Base.lproj/MainInterface.storyboard; sourceTree = "<group>"; };
		7A6D7C3821FB3CE40001A0A9 /* Info.plist */ = {isa = PBXFileReference; lastKnownFileType = text.plist.xml; path = Info.plist; sourceTree = "<group>"; };
		7A6D7C4221FB409F0001A0A9 /* Pastecard.entitlements */ = {isa = PBXFileReference; lastKnownFileType = text.plist.entitlements; path = Pastecard.entitlements; sourceTree = "<group>"; };
		7A6D7C4321FB493E0001A0A9 /* ShareExtension.entitlements */ = {isa = PBXFileReference; lastKnownFileType = text.plist.entitlements; path = ShareExtension.entitlements; sourceTree = "<group>"; };
		7A70F40F1FF2B23000F383AF /* README.md */ = {isa = PBXFileReference; fileEncoding = 4; lastKnownFileType = net.daringfireball.markdown; name = README.md; path = Pastecard/README.md; sourceTree = "<group>"; };
		7A789DC825A558CC00316750 /* CardWidgetExtension.entitlements */ = {isa = PBXFileReference; lastKnownFileType = text.plist.entitlements; path = CardWidgetExtension.entitlements; sourceTree = "<group>"; };
		7A7BC63F235915D100205DDA /* TextExtension.appex */ = {isa = PBXFileReference; explicitFileType = "wrapper.app-extension"; includeInIndex = 0; path = TextExtension.appex; sourceTree = BUILT_PRODUCTS_DIR; };
		7A7BC641235915D100205DDA /* ShareViewController.swift */ = {isa = PBXFileReference; lastKnownFileType = sourcecode.swift; path = ShareViewController.swift; sourceTree = "<group>"; };
		7A7BC646235915D100205DDA /* Info.plist */ = {isa = PBXFileReference; lastKnownFileType = text.plist.xml; path = Info.plist; sourceTree = "<group>"; };
		7A7BC64E235915E000205DDA /* Base */ = {isa = PBXFileReference; lastKnownFileType = file.storyboard; name = Base; path = Base.lproj/MainInterface.storyboard; sourceTree = "<group>"; };
		7A7BC64F2359198200205DDA /* TextExtension.entitlements */ = {isa = PBXFileReference; lastKnownFileType = text.plist.entitlements; path = TextExtension.entitlements; sourceTree = "<group>"; };
		7AB395F01FE4258900079651 /* SignInController.swift */ = {isa = PBXFileReference; lastKnownFileType = sourcecode.swift; path = SignInController.swift; sourceTree = "<group>"; };
		7ACE656F25A51EF800E13E50 /* WidgetKit.framework */ = {isa = PBXFileReference; lastKnownFileType = wrapper.framework; name = WidgetKit.framework; path = System/Library/Frameworks/WidgetKit.framework; sourceTree = SDKROOT; };
		7ACE657125A51EF800E13E50 /* SwiftUI.framework */ = {isa = PBXFileReference; lastKnownFileType = wrapper.framework; name = SwiftUI.framework; path = System/Library/Frameworks/SwiftUI.framework; sourceTree = SDKROOT; };
		7ACE65C125A52D6200E13E50 /* CardWidgetExtension.appex */ = {isa = PBXFileReference; explicitFileType = "wrapper.app-extension"; includeInIndex = 0; path = CardWidgetExtension.appex; sourceTree = BUILT_PRODUCTS_DIR; };
		7ACE65C525A52D6200E13E50 /* CardWidget.swift */ = {isa = PBXFileReference; lastKnownFileType = sourcecode.swift; path = CardWidget.swift; sourceTree = "<group>"; };
		7ACE65C725A52D6700E13E50 /* Assets.xcassets */ = {isa = PBXFileReference; lastKnownFileType = folder.assetcatalog; path = Assets.xcassets; sourceTree = "<group>"; };
		7ACE65C925A52D6700E13E50 /* Info.plist */ = {isa = PBXFileReference; lastKnownFileType = text.plist.xml; path = Info.plist; sourceTree = "<group>"; };
		7AF204251FE1ECC90086A9F2 /* Pastecard.app */ = {isa = PBXFileReference; explicitFileType = wrapper.application; includeInIndex = 0; path = Pastecard.app; sourceTree = BUILT_PRODUCTS_DIR; };
		7AF204281FE1ECC90086A9F2 /* AppDelegate.swift */ = {isa = PBXFileReference; lastKnownFileType = sourcecode.swift; path = AppDelegate.swift; sourceTree = "<group>"; };
		7AF2042A1FE1ECC90086A9F2 /* ViewController.swift */ = {isa = PBXFileReference; lastKnownFileType = sourcecode.swift; path = ViewController.swift; sourceTree = "<group>"; };
		7AF2042D1FE1ECC90086A9F2 /* Base */ = {isa = PBXFileReference; lastKnownFileType = file.storyboard; name = Base; path = Base.lproj/Main.storyboard; sourceTree = "<group>"; };
		7AF2042F1FE1ECC90086A9F2 /* Assets.xcassets */ = {isa = PBXFileReference; lastKnownFileType = folder.assetcatalog; path = Assets.xcassets; sourceTree = "<group>"; };
		7AF204321FE1ECC90086A9F2 /* Base */ = {isa = PBXFileReference; lastKnownFileType = file.storyboard; name = Base; path = Base.lproj/LaunchScreen.storyboard; sourceTree = "<group>"; };
		7AF204341FE1ECC90086A9F2 /* Info.plist */ = {isa = PBXFileReference; lastKnownFileType = text.plist.xml; path = Info.plist; sourceTree = "<group>"; };
/* End PBXFileReference section */

/* Begin PBXFrameworksBuildPhase section */
		7A6D7C2E21FB3CE40001A0A9 /* Frameworks */ = {
			isa = PBXFrameworksBuildPhase;
			buildActionMask = 2147483647;
			files = (
			);
			runOnlyForDeploymentPostprocessing = 0;
		};
		7A7BC63C235915D100205DDA /* Frameworks */ = {
			isa = PBXFrameworksBuildPhase;
			buildActionMask = 2147483647;
			files = (
			);
			runOnlyForDeploymentPostprocessing = 0;
		};
		7ACE65BE25A52D6200E13E50 /* Frameworks */ = {
			isa = PBXFrameworksBuildPhase;
			buildActionMask = 2147483647;
			files = (
				7ACE65C325A52D6200E13E50 /* SwiftUI.framework in Frameworks */,
				7ACE65C225A52D6200E13E50 /* WidgetKit.framework in Frameworks */,
			);
			runOnlyForDeploymentPostprocessing = 0;
		};
		7AF204221FE1ECC90086A9F2 /* Frameworks */ = {
			isa = PBXFrameworksBuildPhase;
			buildActionMask = 2147483647;
			files = (
			);
			runOnlyForDeploymentPostprocessing = 0;
		};
/* End PBXFrameworksBuildPhase section */

/* Begin PBXGroup section */
		7A6D7C3221FB3CE40001A0A9 /* ShareExtension */ = {
			isa = PBXGroup;
			children = (
				7A6D7C4321FB493E0001A0A9 /* ShareExtension.entitlements */,
				7A6D7C3321FB3CE40001A0A9 /* ShareViewController.swift */,
				7A6D7C3521FB3CE40001A0A9 /* MainInterface.storyboard */,
				7A6D7C3821FB3CE40001A0A9 /* Info.plist */,
			);
			path = ShareExtension;
			sourceTree = "<group>";
		};
		7A7BC640235915D100205DDA /* TextExtension */ = {
			isa = PBXGroup;
			children = (
				7A7BC64F2359198200205DDA /* TextExtension.entitlements */,
				7A7BC641235915D100205DDA /* ShareViewController.swift */,
				7A7BC64D235915E000205DDA /* MainInterface.storyboard */,
				7A7BC646235915D100205DDA /* Info.plist */,
			);
			path = TextExtension;
			sourceTree = "<group>";
		};
		7ACE65C425A52D6200E13E50 /* CardWidget */ = {
			isa = PBXGroup;
			children = (
				7A789DC825A558CC00316750 /* CardWidgetExtension.entitlements */,
				7ACE65C525A52D6200E13E50 /* CardWidget.swift */,
				7ACE65C725A52D6700E13E50 /* Assets.xcassets */,
				7ACE65C925A52D6700E13E50 /* Info.plist */,
			);
			path = CardWidget;
			sourceTree = "<group>";
		};
		7AF2041C1FE1ECC90086A9F2 = {
			isa = PBXGroup;
			children = (
				7AF204271FE1ECC90086A9F2 /* Pastecard */,
				7A6D7C3221FB3CE40001A0A9 /* ShareExtension */,
				7A7BC640235915D100205DDA /* TextExtension */,
				7ACE65C425A52D6200E13E50 /* CardWidget */,
				7AF204261FE1ECC90086A9F2 /* Products */,
				7AF84C20201E2F0100E181B8 /* Frameworks */,
			);
			sourceTree = "<group>";
		};
		7AF204261FE1ECC90086A9F2 /* Products */ = {
			isa = PBXGroup;
			children = (
				7AF204251FE1ECC90086A9F2 /* Pastecard.app */,
				7A6D7C3121FB3CE40001A0A9 /* Add URL to Pastecard.appex */,
				7A7BC63F235915D100205DDA /* TextExtension.appex */,
				7ACE65C125A52D6200E13E50 /* CardWidgetExtension.appex */,
			);
			name = Products;
			sourceTree = "<group>";
		};
		7AF204271FE1ECC90086A9F2 /* Pastecard */ = {
			isa = PBXGroup;
			children = (
				7A6D7C4221FB409F0001A0A9 /* Pastecard.entitlements */,
				7AF204281FE1ECC90086A9F2 /* AppDelegate.swift */,
				7AF2042A1FE1ECC90086A9F2 /* ViewController.swift */,
				7AB395F01FE4258900079651 /* SignInController.swift */,
				7AF2042C1FE1ECC90086A9F2 /* Main.storyboard */,
				7AF2042F1FE1ECC90086A9F2 /* Assets.xcassets */,
				7AF204311FE1ECC90086A9F2 /* LaunchScreen.storyboard */,
				7AF204341FE1ECC90086A9F2 /* Info.plist */,
			);
			path = Pastecard;
			sourceTree = "<group>";
		};
		7AF84C20201E2F0100E181B8 /* Frameworks */ = {
			isa = PBXGroup;
			children = (
				7A70F40F1FF2B23000F383AF /* README.md */,
				7ACE656F25A51EF800E13E50 /* WidgetKit.framework */,
				7ACE657125A51EF800E13E50 /* SwiftUI.framework */,
			);
			name = Frameworks;
			sourceTree = "<group>";
		};
/* End PBXGroup section */

/* Begin PBXNativeTarget section */
		7A6D7C3021FB3CE40001A0A9 /* URLExtension */ = {
			isa = PBXNativeTarget;
			buildConfigurationList = 7A6D7C3E21FB3CE40001A0A9 /* Build configuration list for PBXNativeTarget "URLExtension" */;
			buildPhases = (
				7A6D7C2D21FB3CE40001A0A9 /* Sources */,
				7A6D7C2E21FB3CE40001A0A9 /* Frameworks */,
				7A6D7C2F21FB3CE40001A0A9 /* Resources */,
			);
			buildRules = (
			);
			dependencies = (
			);
			name = URLExtension;
			productName = ShareExtension;
			productReference = 7A6D7C3121FB3CE40001A0A9 /* Add URL to Pastecard.appex */;
			productType = "com.apple.product-type.app-extension";
		};
		7A7BC63E235915D100205DDA /* TextExtension */ = {
			isa = PBXNativeTarget;
			buildConfigurationList = 7A7BC64A235915D100205DDA /* Build configuration list for PBXNativeTarget "TextExtension" */;
			buildPhases = (
				7A7BC63B235915D100205DDA /* Sources */,
				7A7BC63C235915D100205DDA /* Frameworks */,
				7A7BC63D235915D100205DDA /* Resources */,
			);
			buildRules = (
			);
			dependencies = (
			);
			name = TextExtension;
			productName = TextExtension;
			productReference = 7A7BC63F235915D100205DDA /* TextExtension.appex */;
			productType = "com.apple.product-type.app-extension";
		};
		7ACE65C025A52D6200E13E50 /* CardWidgetExtension */ = {
			isa = PBXNativeTarget;
			buildConfigurationList = 7ACE65CD25A52D6700E13E50 /* Build configuration list for PBXNativeTarget "CardWidgetExtension" */;
			buildPhases = (
				7ACE65BD25A52D6200E13E50 /* Sources */,
				7ACE65BE25A52D6200E13E50 /* Frameworks */,
				7ACE65BF25A52D6200E13E50 /* Resources */,
			);
			buildRules = (
			);
			dependencies = (
			);
			name = CardWidgetExtension;
			productName = CardWidgetExtension;
			productReference = 7ACE65C125A52D6200E13E50 /* CardWidgetExtension.appex */;
			productType = "com.apple.product-type.app-extension";
		};
		7AF204241FE1ECC90086A9F2 /* Pastecard */ = {
			isa = PBXNativeTarget;
			buildConfigurationList = 7AF204371FE1ECC90086A9F2 /* Build configuration list for PBXNativeTarget "Pastecard" */;
			buildPhases = (
				7AF204211FE1ECC90086A9F2 /* Sources */,
				7AF204221FE1ECC90086A9F2 /* Frameworks */,
				7AF204231FE1ECC90086A9F2 /* Resources */,
				7A0596F92024C3CE001125ED /* Embed Watch Content */,
				7A6D7C3F21FB3CE40001A0A9 /* Embed App Extensions */,
			);
			buildRules = (
			);
			dependencies = (
				7A6D7C3A21FB3CE40001A0A9 /* PBXTargetDependency */,
				7A7BC648235915D100205DDA /* PBXTargetDependency */,
				7ACE65CB25A52D6700E13E50 /* PBXTargetDependency */,
			);
			name = Pastecard;
			productName = Pastecard;
			productReference = 7AF204251FE1ECC90086A9F2 /* Pastecard.app */;
			productType = "com.apple.product-type.application";
		};
/* End PBXNativeTarget section */

/* Begin PBXProject section */
		7AF2041D1FE1ECC90086A9F2 /* Project object */ = {
			isa = PBXProject;
			attributes = {
				LastSwiftUpdateCheck = 1230;
				LastUpgradeCheck = 1230;
				ORGANIZATIONNAME = "Brian Sutorius";
				TargetAttributes = {
					7A6D7C3021FB3CE40001A0A9 = {
						CreatedOnToolsVersion = 10.1;
						LastSwiftMigration = 1110;
						ProvisioningStyle = Automatic;
						SystemCapabilities = {
							com.apple.ApplicationGroups.iOS = {
								enabled = 1;
							};
						};
					};
					7A7BC63E235915D100205DDA = {
						CreatedOnToolsVersion = 11.1;
						ProvisioningStyle = Automatic;
					};
					7ACE65C025A52D6200E13E50 = {
						CreatedOnToolsVersion = 12.3;
						ProvisioningStyle = Automatic;
					};
					7AF204241FE1ECC90086A9F2 = {
						CreatedOnToolsVersion = 9.2;
						LastSwiftMigration = 1110;
						ProvisioningStyle = Automatic;
						SystemCapabilities = {
							com.apple.ApplicationGroups.iOS = {
								enabled = 1;
							};
							com.apple.GameCenter = {
								enabled = 0;
							};
						};
					};
				};
			};
			buildConfigurationList = 7AF204201FE1ECC90086A9F2 /* Build configuration list for PBXProject "Pastecard" */;
			compatibilityVersion = "Xcode 8.0";
			developmentRegion = en;
			hasScannedForEncodings = 0;
			knownRegions = (
				en,
				Base,
			);
			mainGroup = 7AF2041C1FE1ECC90086A9F2;
			productRefGroup = 7AF204261FE1ECC90086A9F2 /* Products */;
			projectDirPath = "";
			projectRoot = "";
			targets = (
				7AF204241FE1ECC90086A9F2 /* Pastecard */,
				7A6D7C3021FB3CE40001A0A9 /* URLExtension */,
				7A7BC63E235915D100205DDA /* TextExtension */,
				7ACE65C025A52D6200E13E50 /* CardWidgetExtension */,
			);
		};
/* End PBXProject section */

/* Begin PBXResourcesBuildPhase section */
		7A6D7C2F21FB3CE40001A0A9 /* Resources */ = {
			isa = PBXResourcesBuildPhase;
			buildActionMask = 2147483647;
			files = (
				7A5B55C72365D8280006340B /* Assets.xcassets in Resources */,
				7A6D7C3721FB3CE40001A0A9 /* MainInterface.storyboard in Resources */,
			);
			runOnlyForDeploymentPostprocessing = 0;
		};
		7A7BC63D235915D100205DDA /* Resources */ = {
			isa = PBXResourcesBuildPhase;
			buildActionMask = 2147483647;
			files = (
				7A5B55C82365D8280006340B /* Assets.xcassets in Resources */,
				7A9B515623591BA800589FBD /* MainInterface.storyboard in Resources */,
			);
			runOnlyForDeploymentPostprocessing = 0;
		};
		7ACE65BF25A52D6200E13E50 /* Resources */ = {
			isa = PBXResourcesBuildPhase;
			buildActionMask = 2147483647;
			files = (
				7ACE65C825A52D6700E13E50 /* Assets.xcassets in Resources */,
			);
			runOnlyForDeploymentPostprocessing = 0;
		};
		7AF204231FE1ECC90086A9F2 /* Resources */ = {
			isa = PBXResourcesBuildPhase;
			buildActionMask = 2147483647;
			files = (
				7AF204331FE1ECC90086A9F2 /* LaunchScreen.storyboard in Resources */,
				7AF204301FE1ECC90086A9F2 /* Assets.xcassets in Resources */,
				7AF2042E1FE1ECC90086A9F2 /* Main.storyboard in Resources */,
			);
			runOnlyForDeploymentPostprocessing = 0;
		};
/* End PBXResourcesBuildPhase section */

/* Begin PBXSourcesBuildPhase section */
		7A6D7C2D21FB3CE40001A0A9 /* Sources */ = {
			isa = PBXSourcesBuildPhase;
			buildActionMask = 2147483647;
			files = (
				7A6D7C3421FB3CE40001A0A9 /* ShareViewController.swift in Sources */,
			);
			runOnlyForDeploymentPostprocessing = 0;
		};
		7A7BC63B235915D100205DDA /* Sources */ = {
			isa = PBXSourcesBuildPhase;
			buildActionMask = 2147483647;
			files = (
				7A7BC642235915D100205DDA /* ShareViewController.swift in Sources */,
			);
			runOnlyForDeploymentPostprocessing = 0;
		};
		7ACE65BD25A52D6200E13E50 /* Sources */ = {
			isa = PBXSourcesBuildPhase;
			buildActionMask = 2147483647;
			files = (
				7ACE65C625A52D6200E13E50 /* CardWidget.swift in Sources */,
			);
			runOnlyForDeploymentPostprocessing = 0;
		};
		7AF204211FE1ECC90086A9F2 /* Sources */ = {
			isa = PBXSourcesBuildPhase;
			buildActionMask = 2147483647;
			files = (
				7AB395F11FE4258900079651 /* SignInController.swift in Sources */,
				7AF2042B1FE1ECC90086A9F2 /* ViewController.swift in Sources */,
				7AF204291FE1ECC90086A9F2 /* AppDelegate.swift in Sources */,
			);
			runOnlyForDeploymentPostprocessing = 0;
		};
/* End PBXSourcesBuildPhase section */

/* Begin PBXTargetDependency section */
		7A6D7C3A21FB3CE40001A0A9 /* PBXTargetDependency */ = {
			isa = PBXTargetDependency;
			target = 7A6D7C3021FB3CE40001A0A9 /* URLExtension */;
			targetProxy = 7A6D7C3921FB3CE40001A0A9 /* PBXContainerItemProxy */;
		};
		7A7BC648235915D100205DDA /* PBXTargetDependency */ = {
			isa = PBXTargetDependency;
			target = 7A7BC63E235915D100205DDA /* TextExtension */;
			targetProxy = 7A7BC647235915D100205DDA /* PBXContainerItemProxy */;
		};
		7ACE65CB25A52D6700E13E50 /* PBXTargetDependency */ = {
			isa = PBXTargetDependency;
			target = 7ACE65C025A52D6200E13E50 /* CardWidgetExtension */;
			targetProxy = 7ACE65CA25A52D6700E13E50 /* PBXContainerItemProxy */;
		};
/* End PBXTargetDependency section */

/* Begin PBXVariantGroup section */
		7A6D7C3521FB3CE40001A0A9 /* MainInterface.storyboard */ = {
			isa = PBXVariantGroup;
			children = (
				7A6D7C3621FB3CE40001A0A9 /* Base */,
			);
			name = MainInterface.storyboard;
			sourceTree = "<group>";
		};
		7A7BC64D235915E000205DDA /* MainInterface.storyboard */ = {
			isa = PBXVariantGroup;
			children = (
				7A7BC64E235915E000205DDA /* Base */,
			);
			name = MainInterface.storyboard;
			sourceTree = "<group>";
		};
		7AF2042C1FE1ECC90086A9F2 /* Main.storyboard */ = {
			isa = PBXVariantGroup;
			children = (
				7AF2042D1FE1ECC90086A9F2 /* Base */,
			);
			name = Main.storyboard;
			sourceTree = "<group>";
		};
		7AF204311FE1ECC90086A9F2 /* LaunchScreen.storyboard */ = {
			isa = PBXVariantGroup;
			children = (
				7AF204321FE1ECC90086A9F2 /* Base */,
			);
			name = LaunchScreen.storyboard;
			sourceTree = "<group>";
		};
/* End PBXVariantGroup section */

/* Begin XCBuildConfiguration section */
		7A6D7C3C21FB3CE40001A0A9 /* Debug */ = {
			isa = XCBuildConfiguration;
			buildSettings = {
				CLANG_ENABLE_OBJC_WEAK = YES;
				CODE_SIGN_ENTITLEMENTS = ShareExtension/ShareExtension.entitlements;
				CODE_SIGN_IDENTITY = "Apple Development";
				"CODE_SIGN_IDENTITY[sdk=iphoneos*]" = "iPhone Developer";
				CODE_SIGN_STYLE = Automatic;
				CURRENT_PROJECT_VERSION = 2;
				DEVELOPMENT_TEAM = 4JC57Z4N28;
				INFOPLIST_FILE = ShareExtension/Info.plist;
				IPHONEOS_DEPLOYMENT_TARGET = 14.0;
				LD_RUNPATH_SEARCH_PATHS = "$(inherited) @executable_path/Frameworks @executable_path/../../Frameworks";
				MARKETING_VERSION = 1.0;
				MTL_ENABLE_DEBUG_INFO = INCLUDE_SOURCE;
				MTL_FAST_MATH = YES;
				PRODUCT_BUNDLE_IDENTIFIER = net.pastecard.Pastecard.URLExtension;
				PRODUCT_NAME = "Add URL to Pastecard";
				PROVISIONING_PROFILE_SPECIFIER = "";
				SKIP_INSTALL = YES;
				SWIFT_VERSION = 5.0;
				TARGETED_DEVICE_FAMILY = 1;
			};
			name = Debug;
		};
		7A6D7C3D21FB3CE40001A0A9 /* Release */ = {
			isa = XCBuildConfiguration;
			buildSettings = {
				CLANG_ENABLE_OBJC_WEAK = YES;
				CODE_SIGN_ENTITLEMENTS = ShareExtension/ShareExtension.entitlements;
				CODE_SIGN_IDENTITY = "Apple Development";
				"CODE_SIGN_IDENTITY[sdk=iphoneos*]" = "iPhone Developer";
				CODE_SIGN_STYLE = Automatic;
				CURRENT_PROJECT_VERSION = 2;
				DEVELOPMENT_TEAM = 4JC57Z4N28;
				INFOPLIST_FILE = ShareExtension/Info.plist;
				IPHONEOS_DEPLOYMENT_TARGET = 14.0;
				LD_RUNPATH_SEARCH_PATHS = "$(inherited) @executable_path/Frameworks @executable_path/../../Frameworks";
				MARKETING_VERSION = 1.0;
				MTL_FAST_MATH = YES;
				PRODUCT_BUNDLE_IDENTIFIER = net.pastecard.Pastecard.URLExtension;
				PRODUCT_NAME = "Add URL to Pastecard";
				PROVISIONING_PROFILE_SPECIFIER = "";
				SKIP_INSTALL = YES;
				SWIFT_VERSION = 5.0;
				TARGETED_DEVICE_FAMILY = 1;
			};
			name = Release;
		};
		7A7BC64B235915D100205DDA /* Debug */ = {
			isa = XCBuildConfiguration;
			buildSettings = {
				CLANG_ENABLE_OBJC_WEAK = YES;
				CODE_SIGN_ENTITLEMENTS = TextExtension/TextExtension.entitlements;
				CODE_SIGN_IDENTITY = "iPhone Developer";
				"CODE_SIGN_IDENTITY[sdk=iphoneos*]" = "iPhone Developer";
				CODE_SIGN_STYLE = Automatic;
				CURRENT_PROJECT_VERSION = 2;
				DEVELOPMENT_TEAM = 4JC57Z4N28;
				INFOPLIST_FILE = TextExtension/Info.plist;
				IPHONEOS_DEPLOYMENT_TARGET = 14.0;
				LD_RUNPATH_SEARCH_PATHS = "$(inherited) @executable_path/Frameworks @executable_path/../../Frameworks";
				MTL_ENABLE_DEBUG_INFO = INCLUDE_SOURCE;
				MTL_FAST_MATH = YES;
				PRODUCT_BUNDLE_IDENTIFIER = net.pastecard.Pastecard.TextExtension;
				PRODUCT_NAME = "$(TARGET_NAME)";
				SKIP_INSTALL = YES;
				SWIFT_VERSION = 5.0;
				TARGETED_DEVICE_FAMILY = 1;
			};
			name = Debug;
		};
		7A7BC64C235915D100205DDA /* Release */ = {
			isa = XCBuildConfiguration;
			buildSettings = {
				CLANG_ENABLE_OBJC_WEAK = YES;
				CODE_SIGN_ENTITLEMENTS = TextExtension/TextExtension.entitlements;
				CODE_SIGN_IDENTITY = "iPhone Developer";
				"CODE_SIGN_IDENTITY[sdk=iphoneos*]" = "iPhone Developer";
				CODE_SIGN_STYLE = Automatic;
				CURRENT_PROJECT_VERSION = 2;
				DEVELOPMENT_TEAM = 4JC57Z4N28;
				INFOPLIST_FILE = TextExtension/Info.plist;
				IPHONEOS_DEPLOYMENT_TARGET = 14.0;
				LD_RUNPATH_SEARCH_PATHS = "$(inherited) @executable_path/Frameworks @executable_path/../../Frameworks";
				MTL_FAST_MATH = YES;
				PRODUCT_BUNDLE_IDENTIFIER = net.pastecard.Pastecard.TextExtension;
				PRODUCT_NAME = "$(TARGET_NAME)";
				SKIP_INSTALL = YES;
				SWIFT_VERSION = 5.0;
				TARGETED_DEVICE_FAMILY = 1;
			};
			name = Release;
		};
		7ACE65CE25A52D6700E13E50 /* Debug */ = {
			isa = XCBuildConfiguration;
			buildSettings = {
				ASSETCATALOG_COMPILER_GLOBAL_ACCENT_COLOR_NAME = AccentColor;
				ASSETCATALOG_COMPILER_WIDGET_BACKGROUND_COLOR_NAME = WidgetBackground;
				CLANG_ENABLE_OBJC_WEAK = YES;
				CODE_SIGN_ENTITLEMENTS = CardWidget/CardWidgetExtension.entitlements;
				CODE_SIGN_IDENTITY = "iPhone Developer";
				"CODE_SIGN_IDENTITY[sdk=iphoneos*]" = "iPhone Developer";
				CODE_SIGN_STYLE = Automatic;
				CURRENT_PROJECT_VERSION = 2;
				DEVELOPMENT_TEAM = 4JC57Z4N28;
				INFOPLIST_FILE = CardWidget/Info.plist;
				IPHONEOS_DEPLOYMENT_TARGET = 14.3;
				LD_RUNPATH_SEARCH_PATHS = "$(inherited) @executable_path/Frameworks @executable_path/../../Frameworks";
				MTL_ENABLE_DEBUG_INFO = INCLUDE_SOURCE;
				MTL_FAST_MATH = YES;
				PRODUCT_BUNDLE_IDENTIFIER = net.pastecard.Pastecard.CardWidget;
				PRODUCT_NAME = "$(TARGET_NAME)";
				SKIP_INSTALL = YES;
				SWIFT_VERSION = 5.0;
				TARGETED_DEVICE_FAMILY = 1;
			};
			name = Debug;
		};
		7ACE65CF25A52D6700E13E50 /* Release */ = {
			isa = XCBuildConfiguration;
			buildSettings = {
				ASSETCATALOG_COMPILER_GLOBAL_ACCENT_COLOR_NAME = AccentColor;
				ASSETCATALOG_COMPILER_WIDGET_BACKGROUND_COLOR_NAME = WidgetBackground;
				CLANG_ENABLE_OBJC_WEAK = YES;
				CODE_SIGN_ENTITLEMENTS = CardWidget/CardWidgetExtension.entitlements;
				CODE_SIGN_IDENTITY = "iPhone Developer";
				"CODE_SIGN_IDENTITY[sdk=iphoneos*]" = "iPhone Developer";
				CODE_SIGN_STYLE = Automatic;
				CURRENT_PROJECT_VERSION = 2;
				DEVELOPMENT_TEAM = 4JC57Z4N28;
				INFOPLIST_FILE = CardWidget/Info.plist;
				IPHONEOS_DEPLOYMENT_TARGET = 14.3;
				LD_RUNPATH_SEARCH_PATHS = "$(inherited) @executable_path/Frameworks @executable_path/../../Frameworks";
				MTL_FAST_MATH = YES;
				PRODUCT_BUNDLE_IDENTIFIER = net.pastecard.Pastecard.CardWidget;
				PRODUCT_NAME = "$(TARGET_NAME)";
				SKIP_INSTALL = YES;
				SWIFT_VERSION = 5.0;
				TARGETED_DEVICE_FAMILY = 1;
			};
			name = Release;
		};
		7AF204351FE1ECC90086A9F2 /* Debug */ = {
			isa = XCBuildConfiguration;
			buildSettings = {
				ALWAYS_SEARCH_USER_PATHS = NO;
				CLANG_ANALYZER_NONNULL = YES;
				CLANG_ANALYZER_NUMBER_OBJECT_CONVERSION = YES_AGGRESSIVE;
				CLANG_CXX_LANGUAGE_STANDARD = "gnu++14";
				CLANG_CXX_LIBRARY = "libc++";
				CLANG_ENABLE_MODULES = YES;
				CLANG_ENABLE_OBJC_ARC = YES;
				CLANG_WARN_BLOCK_CAPTURE_AUTORELEASING = YES;
				CLANG_WARN_BOOL_CONVERSION = YES;
				CLANG_WARN_COMMA = YES;
				CLANG_WARN_CONSTANT_CONVERSION = YES;
				CLANG_WARN_DEPRECATED_OBJC_IMPLEMENTATIONS = YES;
				CLANG_WARN_DIRECT_OBJC_ISA_USAGE = YES_ERROR;
				CLANG_WARN_DOCUMENTATION_COMMENTS = YES;
				CLANG_WARN_EMPTY_BODY = YES;
				CLANG_WARN_ENUM_CONVERSION = YES;
				CLANG_WARN_INFINITE_RECURSION = YES;
				CLANG_WARN_INT_CONVERSION = YES;
				CLANG_WARN_NON_LITERAL_NULL_CONVERSION = YES;
				CLANG_WARN_OBJC_IMPLICIT_RETAIN_SELF = YES;
				CLANG_WARN_OBJC_LITERAL_CONVERSION = YES;
				CLANG_WARN_OBJC_ROOT_CLASS = YES_ERROR;
				CLANG_WARN_QUOTED_INCLUDE_IN_FRAMEWORK_HEADER = YES;
				CLANG_WARN_RANGE_LOOP_ANALYSIS = YES;
				CLANG_WARN_STRICT_PROTOTYPES = YES;
				CLANG_WARN_SUSPICIOUS_MOVE = YES;
				CLANG_WARN_UNGUARDED_AVAILABILITY = YES_AGGRESSIVE;
				CLANG_WARN_UNREACHABLE_CODE = YES;
				CLANG_WARN__DUPLICATE_METHOD_MATCH = YES;
				CODE_SIGN_IDENTITY = "iPhone Developer";
				COPY_PHASE_STRIP = NO;
				DEBUG_INFORMATION_FORMAT = dwarf;
				ENABLE_STRICT_OBJC_MSGSEND = YES;
				ENABLE_TESTABILITY = YES;
				GCC_C_LANGUAGE_STANDARD = gnu11;
				GCC_DYNAMIC_NO_PIC = NO;
				GCC_NO_COMMON_BLOCKS = YES;
				GCC_OPTIMIZATION_LEVEL = 0;
				GCC_PREPROCESSOR_DEFINITIONS = (
					"DEBUG=1",
					"$(inherited)",
				);
				GCC_WARN_64_TO_32_BIT_CONVERSION = YES;
				GCC_WARN_ABOUT_RETURN_TYPE = YES_ERROR;
				GCC_WARN_UNDECLARED_SELECTOR = YES;
				GCC_WARN_UNINITIALIZED_AUTOS = YES_AGGRESSIVE;
				GCC_WARN_UNUSED_FUNCTION = YES;
				GCC_WARN_UNUSED_VARIABLE = YES;
				IPHONEOS_DEPLOYMENT_TARGET = 14.0;
				MTL_ENABLE_DEBUG_INFO = YES;
				ONLY_ACTIVE_ARCH = YES;
				SDKROOT = iphoneos;
				SWIFT_ACTIVE_COMPILATION_CONDITIONS = DEBUG;
				SWIFT_OPTIMIZATION_LEVEL = "-Onone";
			};
			name = Debug;
		};
		7AF204361FE1ECC90086A9F2 /* Release */ = {
			isa = XCBuildConfiguration;
			buildSettings = {
				ALWAYS_SEARCH_USER_PATHS = NO;
				CLANG_ANALYZER_NONNULL = YES;
				CLANG_ANALYZER_NUMBER_OBJECT_CONVERSION = YES_AGGRESSIVE;
				CLANG_CXX_LANGUAGE_STANDARD = "gnu++14";
				CLANG_CXX_LIBRARY = "libc++";
				CLANG_ENABLE_MODULES = YES;
				CLANG_ENABLE_OBJC_ARC = YES;
				CLANG_WARN_BLOCK_CAPTURE_AUTORELEASING = YES;
				CLANG_WARN_BOOL_CONVERSION = YES;
				CLANG_WARN_COMMA = YES;
				CLANG_WARN_CONSTANT_CONVERSION = YES;
				CLANG_WARN_DEPRECATED_OBJC_IMPLEMENTATIONS = YES;
				CLANG_WARN_DIRECT_OBJC_ISA_USAGE = YES_ERROR;
				CLANG_WARN_DOCUMENTATION_COMMENTS = YES;
				CLANG_WARN_EMPTY_BODY = YES;
				CLANG_WARN_ENUM_CONVERSION = YES;
				CLANG_WARN_INFINITE_RECURSION = YES;
				CLANG_WARN_INT_CONVERSION = YES;
				CLANG_WARN_NON_LITERAL_NULL_CONVERSION = YES;
				CLANG_WARN_OBJC_IMPLICIT_RETAIN_SELF = YES;
				CLANG_WARN_OBJC_LITERAL_CONVERSION = YES;
				CLANG_WARN_OBJC_ROOT_CLASS = YES_ERROR;
				CLANG_WARN_QUOTED_INCLUDE_IN_FRAMEWORK_HEADER = YES;
				CLANG_WARN_RANGE_LOOP_ANALYSIS = YES;
				CLANG_WARN_STRICT_PROTOTYPES = YES;
				CLANG_WARN_SUSPICIOUS_MOVE = YES;
				CLANG_WARN_UNGUARDED_AVAILABILITY = YES_AGGRESSIVE;
				CLANG_WARN_UNREACHABLE_CODE = YES;
				CLANG_WARN__DUPLICATE_METHOD_MATCH = YES;
				CODE_SIGN_IDENTITY = "iPhone Developer";
				COPY_PHASE_STRIP = NO;
				DEBUG_INFORMATION_FORMAT = "dwarf-with-dsym";
				ENABLE_NS_ASSERTIONS = NO;
				ENABLE_STRICT_OBJC_MSGSEND = YES;
				GCC_C_LANGUAGE_STANDARD = gnu11;
				GCC_NO_COMMON_BLOCKS = YES;
				GCC_WARN_64_TO_32_BIT_CONVERSION = YES;
				GCC_WARN_ABOUT_RETURN_TYPE = YES_ERROR;
				GCC_WARN_UNDECLARED_SELECTOR = YES;
				GCC_WARN_UNINITIALIZED_AUTOS = YES_AGGRESSIVE;
				GCC_WARN_UNUSED_FUNCTION = YES;
				GCC_WARN_UNUSED_VARIABLE = YES;
				IPHONEOS_DEPLOYMENT_TARGET = 14.0;
				MTL_ENABLE_DEBUG_INFO = NO;
				SDKROOT = iphoneos;
				SWIFT_OPTIMIZATION_LEVEL = "-Owholemodule";
				VALIDATE_PRODUCT = YES;
			};
			name = Release;
		};
		7AF204381FE1ECC90086A9F2 /* Debug */ = {
			isa = XCBuildConfiguration;
			buildSettings = {
				ALWAYS_EMBED_SWIFT_STANDARD_LIBRARIES = NO;
				ASSETCATALOG_COMPILER_APPICON_NAME = AppIcon;
				CODE_SIGN_ENTITLEMENTS = Pastecard/Pastecard.entitlements;
				CODE_SIGN_IDENTITY = "Apple Development";
				"CODE_SIGN_IDENTITY[sdk=iphoneos*]" = "iPhone Developer";
				CODE_SIGN_STYLE = Automatic;
				CURRENT_PROJECT_VERSION = 2;
				DEVELOPMENT_TEAM = 4JC57Z4N28;
				INFOPLIST_FILE = Pastecard/Info.plist;
				IPHONEOS_DEPLOYMENT_TARGET = 14.0;
				LD_RUNPATH_SEARCH_PATHS = "$(inherited) @executable_path/Frameworks";
				PRODUCT_BUNDLE_IDENTIFIER = net.pastecard.Pastecard;
				PRODUCT_NAME = "$(TARGET_NAME)";
				PROVISIONING_PROFILE = "";
				PROVISIONING_PROFILE_SPECIFIER = "";
				STRIP_INSTALLED_PRODUCT = NO;
				SWIFT_VERSION = 5.0;
				TARGETED_DEVICE_FAMILY = 1;
			};
			name = Debug;
		};
		7AF204391FE1ECC90086A9F2 /* Release */ = {
			isa = XCBuildConfiguration;
			buildSettings = {
				ALWAYS_EMBED_SWIFT_STANDARD_LIBRARIES = NO;
				ASSETCATALOG_COMPILER_APPICON_NAME = AppIcon;
				CODE_SIGN_ENTITLEMENTS = Pastecard/Pastecard.entitlements;
				CODE_SIGN_IDENTITY = "Apple Development";
				"CODE_SIGN_IDENTITY[sdk=iphoneos*]" = "iPhone Developer";
				CODE_SIGN_STYLE = Automatic;
				CURRENT_PROJECT_VERSION = 2;
				DEVELOPMENT_TEAM = 4JC57Z4N28;
				INFOPLIST_FILE = Pastecard/Info.plist;
				IPHONEOS_DEPLOYMENT_TARGET = 14.0;
				LD_RUNPATH_SEARCH_PATHS = "$(inherited) @executable_path/Frameworks";
				PRODUCT_BUNDLE_IDENTIFIER = net.pastecard.Pastecard;
				PRODUCT_NAME = "$(TARGET_NAME)";
				PROVISIONING_PROFILE = "";
				PROVISIONING_PROFILE_SPECIFIER = "";
				SWIFT_VERSION = 5.0;
				TARGETED_DEVICE_FAMILY = 1;
			};
			name = Release;
		};
/* End XCBuildConfiguration section */

/* Begin XCConfigurationList section */
		7A6D7C3E21FB3CE40001A0A9 /* Build configuration list for PBXNativeTarget "URLExtension" */ = {
			isa = XCConfigurationList;
			buildConfigurations = (
				7A6D7C3C21FB3CE40001A0A9 /* Debug */,
				7A6D7C3D21FB3CE40001A0A9 /* Release */,
			);
			defaultConfigurationIsVisible = 0;
			defaultConfigurationName = Release;
		};
		7A7BC64A235915D100205DDA /* Build configuration list for PBXNativeTarget "TextExtension" */ = {
			isa = XCConfigurationList;
			buildConfigurations = (
				7A7BC64B235915D100205DDA /* Debug */,
				7A7BC64C235915D100205DDA /* Release */,
			);
			defaultConfigurationIsVisible = 0;
			defaultConfigurationName = Release;
		};
		7ACE65CD25A52D6700E13E50 /* Build configuration list for PBXNativeTarget "CardWidgetExtension" */ = {
			isa = XCConfigurationList;
			buildConfigurations = (
				7ACE65CE25A52D6700E13E50 /* Debug */,
				7ACE65CF25A52D6700E13E50 /* Release */,
			);
			defaultConfigurationIsVisible = 0;
			defaultConfigurationName = Release;
		};
		7AF204201FE1ECC90086A9F2 /* Build configuration list for PBXProject "Pastecard" */ = {
			isa = XCConfigurationList;
			buildConfigurations = (
				7AF204351FE1ECC90086A9F2 /* Debug */,
				7AF204361FE1ECC90086A9F2 /* Release */,
			);
			defaultConfigurationIsVisible = 0;
			defaultConfigurationName = Release;
		};
		7AF204371FE1ECC90086A9F2 /* Build configuration list for PBXNativeTarget "Pastecard" */ = {
			isa = XCConfigurationList;
			buildConfigurations = (
				7AF204381FE1ECC90086A9F2 /* Debug */,
				7AF204391FE1ECC90086A9F2 /* Release */,
			);
			defaultConfigurationIsVisible = 0;
			defaultConfigurationName = Release;
		};
/* End XCConfigurationList section */
	};
	rootObject = 7AF2041D1FE1ECC90086A9F2 /* Project object */;
}
